
Microsoft Visual Studio Solution File, Format Version 12.00
# Visual Studio 15
VisualStudioVersion = 15.0.28010.2016
MinimumVisualStudioVersion = 10.0.40219.1
Project("{FAE04EC0-301F-11D3-BF4B-00C04F79EFBC}") = "Webshop.Core.Entities", "Webshop.Core.Entity\Webshop.Core.Entities.csproj", "{6494DA53-0BA2-4D28-AB7B-035CF288AAE8}"
EndProject
Project("{FAE04EC0-301F-11D3-BF4B-00C04F79EFBC}") = "Webshop.Core", "Webshop.Core\Webshop.Core.csproj", "{696BF8A2-8D0F-41E1-8DC1-F4177430BC3B}"
EndProject
Project("{2150E333-8FDC-42A3-9474-1A3956D46DE8}") = "Core", "Core", "{E3CE78AC-F512-4822-94AB-139F81C6BA52}"
EndProject
Project("{2150E333-8FDC-42A3-9474-1A3956D46DE8}") = "Infrastructure", "Infrastructure", "{0C4656B9-D9BA-44A4-B3A4-198CF458C623}"
EndProject
Project("{2150E333-8FDC-42A3-9474-1A3956D46DE8}") = "UI", "UI", "{0518937E-1C98-4011-967E-594C1981B2C8}"
EndProject
Project("{FAE04EC0-301F-11D3-BF4B-00C04F79EFBC}") = "Webshop.Infrastructure.Data", "Webshop.Infrastructure.Data\Webshop.Infrastructure.Data.csproj", "{33BB53ED-182D-4F44-A0AE-FE8EB65A5F06}"
EndProject
Project("{FAE04EC0-301F-11D3-BF4B-00C04F79EFBC}") = "Webshop.RESTAPI", "Webshop.RESTAPI\Webshop.RESTAPI.csproj", "{BDAAB99A-B87A-42EF-9C8E-84AC07B7B0EC}"
EndProject
Global
	GlobalSection(SolutionConfigurationPlatforms) = preSolution
		Debug|Any CPU = Debug|Any CPU
		Release|Any CPU = Release|Any CPU
	EndGlobalSection
	GlobalSection(ProjectConfigurationPlatforms) = postSolution
		{6494DA53-0BA2-4D28-AB7B-035CF288AAE8}.Debug|Any CPU.ActiveCfg = Debug|Any CPU
		{6494DA53-0BA2-4D28-AB7B-035CF288AAE8}.Debug|Any CPU.Build.0 = Debug|Any CPU
		{6494DA53-0BA2-4D28-AB7B-035CF288AAE8}.Release|Any CPU.ActiveCfg = Release|Any CPU
		{6494DA53-0BA2-4D28-AB7B-035CF288AAE8}.Release|Any CPU.Build.0 = Release|Any CPU
		{696BF8A2-8D0F-41E1-8DC1-F4177430BC3B}.Debug|Any CPU.ActiveCfg = Debug|Any CPU
		{696BF8A2-8D0F-41E1-8DC1-F4177430BC3B}.Debug|Any CPU.Build.0 = Debug|Any CPU
		{696BF8A2-8D0F-41E1-8DC1-F4177430BC3B}.Release|Any CPU.ActiveCfg = Release|Any CPU
		{696BF8A2-8D0F-41E1-8DC1-F4177430BC3B}.Release|Any CPU.Build.0 = Release|Any CPU
		{33BB53ED-182D-4F44-A0AE-FE8EB65A5F06}.Debug|Any CPU.ActiveCfg = Debug|Any CPU
		{33BB53ED-182D-4F44-A0AE-FE8EB65A5F06}.Debug|Any CPU.Build.0 = Debug|Any CPU
		{33BB53ED-182D-4F44-A0AE-FE8EB65A5F06}.Release|Any CPU.ActiveCfg = Release|Any CPU
		{33BB53ED-182D-4F44-A0AE-FE8EB65A5F06}.Release|Any CPU.Build.0 = Release|Any CPU
		{BDAAB99A-B87A-42EF-9C8E-84AC07B7B0EC}.Debug|Any CPU.ActiveCfg = Debug|Any CPU
		{BDAAB99A-B87A-42EF-9C8E-84AC07B7B0EC}.Debug|Any CPU.Build.0 = Debug|Any CPU
		{BDAAB99A-B87A-42EF-9C8E-84AC07B7B0EC}.Release|Any CPU.ActiveCfg = Release|Any CPU
		{BDAAB99A-B87A-42EF-9C8E-84AC07B7B0EC}.Release|Any CPU.Build.0 = Release|Any CPU
	EndGlobalSection
	GlobalSection(SolutionProperties) = preSolution
		HideSolutionNode = FALSE
	EndGlobalSection
	GlobalSection(NestedProjects) = preSolution
		{6494DA53-0BA2-4D28-AB7B-035CF288AAE8} = {E3CE78AC-F512-4822-94AB-139F81C6BA52}
		{696BF8A2-8D0F-41E1-8DC1-F4177430BC3B} = {E3CE78AC-F512-4822-94AB-139F81C6BA52}
		{33BB53ED-182D-4F44-A0AE-FE8EB65A5F06} = {0C4656B9-D9BA-44A4-B3A4-198CF458C623}
		{BDAAB99A-B87A-42EF-9C8E-84AC07B7B0EC} = {0518937E-1C98-4011-967E-594C1981B2C8}
	EndGlobalSection
	GlobalSection(ExtensibilityGlobals) = postSolution
		SolutionGuid = {346E78C2-B754-49D1-9B57-D9D3009BC603}
	EndGlobalSection
EndGlobal
